
Microsoft Visual Studio Solution File, Format Version 12.00
# Visual Studio Version 17
VisualStudioVersion = 17.7.34221.43
MinimumVisualStudioVersion = 10.0.40219.1
Project("{2150E333-8FDC-42A3-9474-1A3956D46DE8}") = "src", "src", "{9A2070E3-7067-43DA-A7FA-F9E727A64AB4}"
EndProject
Project("{2150E333-8FDC-42A3-9474-1A3956D46DE8}") = "ApiGateways", "ApiGateways", "{17F0DD1E-8239-420E-847F-9587A5E37949}"
EndProject
Project("{2150E333-8FDC-42A3-9474-1A3956D46DE8}") = "Aggregators", "Aggregators", "{E6E1EC0D-C9B8-49B7-88C9-485477D26077}"
EndProject
Project("{9A19103F-16F7-4668-BE54-9A1E7A4F7556}") = "BCommerce.HttpAggregator", "src\ApiGateways\Aggregators\BCommerce.HttpAggregator\BCommerce.HttpAggregator.csproj", "{3691EBEC-889C-454E-B7C2-AF95B29CDF99}"
EndProject
Project("{2150E333-8FDC-42A3-9474-1A3956D46DE8}") = "Services", "Services", "{F18EB3D9-A56E-45F8-A191-2515BE4A7CE1}"
EndProject
Project("{2150E333-8FDC-42A3-9474-1A3956D46DE8}") = "BCommerce.OrchestrationServices", "BCommerce.OrchestrationServices", "{7BEA89BB-83C3-41CC-BB1E-3AF75714CDF9}"
EndProject
Project("{2150E333-8FDC-42A3-9474-1A3956D46DE8}") = "BCommerce.CommonServices", "BCommerce.CommonServices", "{82F27226-8EAA-4DB6-BB4D-1145CA711DF0}"
EndProject
Project("{2150E333-8FDC-42A3-9474-1A3956D46DE8}") = "Shared", "Shared", "{E4BCBB0A-AF10-4E0C-ABE6-2110E5F3664F}"
EndProject
Project("{9A19103F-16F7-4668-BE54-9A1E7A4F7556}") = "BCommerce.Shared", "src\Shared\BCommerce.Shared\BCommerce.Shared.csproj", "{7D9189F1-2463-4DA5-BCEC-FE1D5A680347}"
EndProject
Project("{2150E333-8FDC-42A3-9474-1A3956D46DE8}") = "AirlineService", "AirlineService", "{C9709986-5176-4393-A0DB-24990A3CC440}"
EndProject
Project("{2150E333-8FDC-42A3-9474-1A3956D46DE8}") = "Sagas", "Sagas", "{D1692D29-8855-4626-B791-8C0D7F8A56DE}"
EndProject
Project("{9A19103F-16F7-4668-BE54-9A1E7A4F7556}") = "BCommerce.StateMachineWorkerService", "src\Sagas\BCommerce.StateMachineWorkerService\BCommerce.StateMachineWorkerService.csproj", "{C4834BCF-D150-4636-84AF-25EB3B36A713}"
EndProject
Project("{2150E333-8FDC-42A3-9474-1A3956D46DE8}") = "PaymentService", "PaymentService", "{8F366602-AA4D-4D55-81DD-4DE31C6444D3}"
EndProject
Project("{2150E333-8FDC-42A3-9474-1A3956D46DE8}") = "StockService", "StockService", "{3984C81B-5180-4CA8-B5C6-64F5E92DB96C}"
EndProject
Project("{2150E333-8FDC-42A3-9474-1A3956D46DE8}") = "BuildingBlocks", "BuildingBlocks", "{4778D722-824C-4B0A-B5B0-EB079E508232}"
EndProject
Project("{2150E333-8FDC-42A3-9474-1A3956D46DE8}") = "EventBus", "EventBus", "{5A144F00-8EE0-40F8-9CB8-4911A7D74899}"
EndProject
Project("{2150E333-8FDC-42A3-9474-1A3956D46DE8}") = "Healthchecks", "Healthchecks", "{62577E79-02B2-4E0C-8875-7E2638843F89}"
EndProject
Project("{9A19103F-16F7-4668-BE54-9A1E7A4F7556}") = "EventBus", "src\BuildingBlocks\EventBus\EventBus.csproj", "{5B2FCCC9-4FE5-47E4-9B98-5A5843A8AE9B}"
EndProject
Project("{9A19103F-16F7-4668-BE54-9A1E7A4F7556}") = "Healthchecks", "src\BuildingBlocks\Healthchecks\Healthchecks.csproj", "{48C5647D-F9F8-4005-A3C1-53F92518FBFF}"
EndProject
Project("{E53339B2-1760-4266-BCC7-CA923CBCF16C}") = "docker-compose", "docker-compose.dcproj", "{665494C5-3135-45C1-915C-B17235D185E9}"
EndProject
Project("{9A19103F-16F7-4668-BE54-9A1E7A4F7556}") = "BCommerce.AirlineService.API", "src\Services\BCommerce.OrchestrationServices\AirlineService\BCommerce.AirlineService.API\BCommerce.AirlineService.API.csproj", "{D2A085F7-FF12-4B98-AD57-307713BBF6CB}"
EndProject
Project("{9A19103F-16F7-4668-BE54-9A1E7A4F7556}") = "BCommerce.StockService.API", "src\Services\BCommerce.OrchestrationServices\StockService\BCommerce.StockService.API\BCommerce.StockService.API.csproj", "{A7A9A39F-1261-4621-9F79-9B7A7D54392A}"
EndProject
Project("{9A19103F-16F7-4668-BE54-9A1E7A4F7556}") = "BCommerce.PaymentService.API", "src\Services\BCommerce.OrchestrationServices\PaymentService\BCommerce.PaymentService.API\BCommerce.PaymentService.API.csproj", "{44B629A1-8FA3-403B-828D-0ECC8D5B30BE}"
EndProject
Project("{9A19103F-16F7-4668-BE54-9A1E7A4F7556}") = "BCommerce.CommonService.API", "src\Services\BCommerce.CommonServices\BCommerce.CommonService.API\BCommerce.CommonService.API.csproj", "{78C94805-5D65-41C9-9690-67A57BBA0498}"
EndProject
Project("{2150E333-8FDC-42A3-9474-1A3956D46DE8}") = "BCommerce.MasterService", "BCommerce.MasterService", "{FB88C1E6-10ED-4CE6-89F3-402A8D5A2E98}"
EndProject
Project("{9A19103F-16F7-4668-BE54-9A1E7A4F7556}") = "BCommerce.MasterService.API", "src\Services\BCommerce.MasterServices\BCommerce.MasterService.API\BCommerce.MasterService.API.csproj", "{EC8AA49A-5E05-474B-B8E3-908582ED3716}"
EndProject
Project("{2150E333-8FDC-42A3-9474-1A3956D46DE8}") = "Client", "Client", "{E62F405F-71F7-44C3-89D2-F70CFDD6C90B}"
EndProject
Project("{2150E333-8FDC-42A3-9474-1A3956D46DE8}") = "ExternalServices", "ExternalServices", "{5A86B965-43CD-49A0-B03E-C759DC1BA131}"
EndProject
Project("{9A19103F-16F7-4668-BE54-9A1E7A4F7556}") = "BCommerce.ExternalService.API", "src\Client\ExternalServices\BCommerce.ExternalService.API\BCommerce.ExternalService.API.csproj", "{053EC3DD-C78C-45D9-90E6-735ECE864064}"
EndProject
Project("{9A19103F-16F7-4668-BE54-9A1E7A4F7556}") = "BCommerce.ExternalServices.Shared", "src\Shared\BCommerce.ExternalServices.Shared\BCommerce.ExternalServices.Shared.csproj", "{D44B6B93-76A2-42A3-8567-D05723C77F92}"
EndProject
Project("{9A19103F-16F7-4668-BE54-9A1E7A4F7556}") = "BCommerce.DataAccess.Shared", "src\Shared\BCommerce.DataAccess.Shared\BCommerce.DataAccess.Shared.csproj", "{ADD1A2DA-99BF-4539-90C7-B2948C6B1A30}"
EndProject
Project("{2150E333-8FDC-42A3-9474-1A3956D46DE8}") = "KeyCloak", "KeyCloak", "{354B2D0D-0B36-4BBF-B0AB-4D5AC8351F0C}"
EndProject
Project("{9A19103F-16F7-4668-BE54-9A1E7A4F7556}") = "BCommerce.KeyCloak.API", "src\KeyCloak\BCommerce.KeyCloak.API\BCommerce.KeyCloak.API.csproj", "{9CEE9821-2BF5-4681-BB7C-202DE2310DC7}"
EndProject
Project("{2150E333-8FDC-42A3-9474-1A3956D46DE8}") = "Dapr", "Dapr", "{D5246F87-BC62-4978-A5FD-2B163393C2AA}"
EndProject
Project("{9A19103F-16F7-4668-BE54-9A1E7A4F7556}") = "BCommerce.Dapr.API", "src\Dapr\BCommerce.Dapr.API\BCommerce.Dapr.API.csproj", "{BB02F31A-011E-4F86-B901-17ECA0EE341B}"
EndProject
Project("{2150E333-8FDC-42A3-9474-1A3956D46DE8}") = "Redis", "Redis", "{1C13F2FA-AA48-4865-80A9-BE42504C5E09}"
EndProject
Project("{9A19103F-16F7-4668-BE54-9A1E7A4F7556}") = "StackExchange.Redis", "src\BuildingBlocks\Redis\StackExchange.Redis\StackExchange.Redis.csproj", "{FF0E1FCC-B565-4BE4-B1FE-4B7B9EEDF87C}"
EndProject
Project("{9A19103F-16F7-4668-BE54-9A1E7A4F7556}") = "StackExchange.Redis.Server", "src\BuildingBlocks\Redis\StackExchange.Redis.Server\StackExchange.Redis.Server.csproj", "{3E055362-4CBB-498D-AA88-A2160509765A}"
EndProject
Project("{2150E333-8FDC-42A3-9474-1A3956D46DE8}") = "Envoy", "Envoy", "{A4622E57-FD0E-4777-937F-C816DC2B9C23}"
	ProjectSection(SolutionItems) = preProject
		..\..\..\Users\ditsd\Downloads\eShopOnDapr-main\eShopOnDapr-main\src\ApiGateways\Envoy\Dockerfile = ..\..\..\Users\ditsd\Downloads\eShopOnDapr-main\eShopOnDapr-main\src\ApiGateways\Envoy\Dockerfile
		src\ApiGateways\Envoy\envoy.yaml = src\ApiGateways\Envoy\envoy.yaml
	EndProjectSection
EndProject
Project("{9A19103F-16F7-4668-BE54-9A1E7A4F7556}") = "RSMQ", "src\BuildingBlocks\Redis\RSMQ\RSMQ.csproj", "{19DC1AF4-E998-4F53-9018-73E266DCA12A}"
EndProject
Project("{9A19103F-16F7-4668-BE54-9A1E7A4F7556}") = "BCommerce.CommonEntities.Shared", "src\Shared\BCommerce.CommonEntities.Shared\BCommerce.CommonEntities.Shared.csproj", "{3CBD882E-2F88-48FF-93F7-B8ABE79C6C31}"
EndProject
Global
	GlobalSection(SolutionConfigurationPlatforms) = preSolution
		Debug|Any CPU = Debug|Any CPU
		Release|Any CPU = Release|Any CPU
	EndGlobalSection
	GlobalSection(ProjectConfigurationPlatforms) = postSolution
		{3691EBEC-889C-454E-B7C2-AF95B29CDF99}.Debug|Any CPU.ActiveCfg = Debug|Any CPU
		{3691EBEC-889C-454E-B7C2-AF95B29CDF99}.Debug|Any CPU.Build.0 = Debug|Any CPU
		{3691EBEC-889C-454E-B7C2-AF95B29CDF99}.Release|Any CPU.ActiveCfg = Release|Any CPU
		{3691EBEC-889C-454E-B7C2-AF95B29CDF99}.Release|Any CPU.Build.0 = Release|Any CPU
		{7D9189F1-2463-4DA5-BCEC-FE1D5A680347}.Debug|Any CPU.ActiveCfg = Debug|Any CPU
		{7D9189F1-2463-4DA5-BCEC-FE1D5A680347}.Debug|Any CPU.Build.0 = Debug|Any CPU
		{7D9189F1-2463-4DA5-BCEC-FE1D5A680347}.Release|Any CPU.ActiveCfg = Release|Any CPU
		{7D9189F1-2463-4DA5-BCEC-FE1D5A680347}.Release|Any CPU.Build.0 = Release|Any CPU
		{C4834BCF-D150-4636-84AF-25EB3B36A713}.Debug|Any CPU.ActiveCfg = Debug|Any CPU
		{C4834BCF-D150-4636-84AF-25EB3B36A713}.Debug|Any CPU.Build.0 = Debug|Any CPU
		{C4834BCF-D150-4636-84AF-25EB3B36A713}.Release|Any CPU.ActiveCfg = Release|Any CPU
		{C4834BCF-D150-4636-84AF-25EB3B36A713}.Release|Any CPU.Build.0 = Release|Any CPU
		{5B2FCCC9-4FE5-47E4-9B98-5A5843A8AE9B}.Debug|Any CPU.ActiveCfg = Debug|Any CPU
		{5B2FCCC9-4FE5-47E4-9B98-5A5843A8AE9B}.Debug|Any CPU.Build.0 = Debug|Any CPU
		{5B2FCCC9-4FE5-47E4-9B98-5A5843A8AE9B}.Release|Any CPU.ActiveCfg = Release|Any CPU
		{5B2FCCC9-4FE5-47E4-9B98-5A5843A8AE9B}.Release|Any CPU.Build.0 = Release|Any CPU
		{48C5647D-F9F8-4005-A3C1-53F92518FBFF}.Debug|Any CPU.ActiveCfg = Debug|Any CPU
		{48C5647D-F9F8-4005-A3C1-53F92518FBFF}.Debug|Any CPU.Build.0 = Debug|Any CPU
		{48C5647D-F9F8-4005-A3C1-53F92518FBFF}.Release|Any CPU.ActiveCfg = Release|Any CPU
		{48C5647D-F9F8-4005-A3C1-53F92518FBFF}.Release|Any CPU.Build.0 = Release|Any CPU
		{665494C5-3135-45C1-915C-B17235D185E9}.Debug|Any CPU.ActiveCfg = Debug|Any CPU
		{665494C5-3135-45C1-915C-B17235D185E9}.Debug|Any CPU.Build.0 = Debug|Any CPU
		{665494C5-3135-45C1-915C-B17235D185E9}.Release|Any CPU.ActiveCfg = Release|Any CPU
		{665494C5-3135-45C1-915C-B17235D185E9}.Release|Any CPU.Build.0 = Release|Any CPU
		{D2A085F7-FF12-4B98-AD57-307713BBF6CB}.Debug|Any CPU.ActiveCfg = Debug|Any CPU
		{D2A085F7-FF12-4B98-AD57-307713BBF6CB}.Debug|Any CPU.Build.0 = Debug|Any CPU
		{D2A085F7-FF12-4B98-AD57-307713BBF6CB}.Release|Any CPU.ActiveCfg = Release|Any CPU
		{D2A085F7-FF12-4B98-AD57-307713BBF6CB}.Release|Any CPU.Build.0 = Release|Any CPU
		{A7A9A39F-1261-4621-9F79-9B7A7D54392A}.Debug|Any CPU.ActiveCfg = Debug|Any CPU
		{A7A9A39F-1261-4621-9F79-9B7A7D54392A}.Debug|Any CPU.Build.0 = Debug|Any CPU
		{A7A9A39F-1261-4621-9F79-9B7A7D54392A}.Release|Any CPU.ActiveCfg = Release|Any CPU
		{A7A9A39F-1261-4621-9F79-9B7A7D54392A}.Release|Any CPU.Build.0 = Release|Any CPU
		{44B629A1-8FA3-403B-828D-0ECC8D5B30BE}.Debug|Any CPU.ActiveCfg = Debug|Any CPU
		{44B629A1-8FA3-403B-828D-0ECC8D5B30BE}.Debug|Any CPU.Build.0 = Debug|Any CPU
		{44B629A1-8FA3-403B-828D-0ECC8D5B30BE}.Release|Any CPU.ActiveCfg = Release|Any CPU
		{44B629A1-8FA3-403B-828D-0ECC8D5B30BE}.Release|Any CPU.Build.0 = Release|Any CPU
		{78C94805-5D65-41C9-9690-67A57BBA0498}.Debug|Any CPU.ActiveCfg = Debug|Any CPU
		{78C94805-5D65-41C9-9690-67A57BBA0498}.Debug|Any CPU.Build.0 = Debug|Any CPU
		{78C94805-5D65-41C9-9690-67A57BBA0498}.Release|Any CPU.ActiveCfg = Release|Any CPU
		{78C94805-5D65-41C9-9690-67A57BBA0498}.Release|Any CPU.Build.0 = Release|Any CPU
		{EC8AA49A-5E05-474B-B8E3-908582ED3716}.Debug|Any CPU.ActiveCfg = Debug|Any CPU
		{EC8AA49A-5E05-474B-B8E3-908582ED3716}.Debug|Any CPU.Build.0 = Debug|Any CPU
		{EC8AA49A-5E05-474B-B8E3-908582ED3716}.Release|Any CPU.ActiveCfg = Release|Any CPU
		{EC8AA49A-5E05-474B-B8E3-908582ED3716}.Release|Any CPU.Build.0 = Release|Any CPU
		{053EC3DD-C78C-45D9-90E6-735ECE864064}.Debug|Any CPU.ActiveCfg = Debug|Any CPU
		{053EC3DD-C78C-45D9-90E6-735ECE864064}.Debug|Any CPU.Build.0 = Debug|Any CPU
		{053EC3DD-C78C-45D9-90E6-735ECE864064}.Release|Any CPU.ActiveCfg = Release|Any CPU
		{053EC3DD-C78C-45D9-90E6-735ECE864064}.Release|Any CPU.Build.0 = Release|Any CPU
		{D44B6B93-76A2-42A3-8567-D05723C77F92}.Debug|Any CPU.ActiveCfg = Debug|Any CPU
		{D44B6B93-76A2-42A3-8567-D05723C77F92}.Debug|Any CPU.Build.0 = Debug|Any CPU
		{D44B6B93-76A2-42A3-8567-D05723C77F92}.Release|Any CPU.ActiveCfg = Release|Any CPU
		{D44B6B93-76A2-42A3-8567-D05723C77F92}.Release|Any CPU.Build.0 = Release|Any CPU
		{ADD1A2DA-99BF-4539-90C7-B2948C6B1A30}.Debug|Any CPU.ActiveCfg = Debug|Any CPU
		{ADD1A2DA-99BF-4539-90C7-B2948C6B1A30}.Debug|Any CPU.Build.0 = Debug|Any CPU
		{ADD1A2DA-99BF-4539-90C7-B2948C6B1A30}.Release|Any CPU.ActiveCfg = Release|Any CPU
		{ADD1A2DA-99BF-4539-90C7-B2948C6B1A30}.Release|Any CPU.Build.0 = Release|Any CPU
		{9CEE9821-2BF5-4681-BB7C-202DE2310DC7}.Debug|Any CPU.ActiveCfg = Debug|Any CPU
		{9CEE9821-2BF5-4681-BB7C-202DE2310DC7}.Debug|Any CPU.Build.0 = Debug|Any CPU
		{9CEE9821-2BF5-4681-BB7C-202DE2310DC7}.Release|Any CPU.ActiveCfg = Release|Any CPU
		{9CEE9821-2BF5-4681-BB7C-202DE2310DC7}.Release|Any CPU.Build.0 = Release|Any CPU
		{BB02F31A-011E-4F86-B901-17ECA0EE341B}.Debug|Any CPU.ActiveCfg = Debug|Any CPU
		{BB02F31A-011E-4F86-B901-17ECA0EE341B}.Debug|Any CPU.Build.0 = Debug|Any CPU
		{BB02F31A-011E-4F86-B901-17ECA0EE341B}.Release|Any CPU.ActiveCfg = Release|Any CPU
		{BB02F31A-011E-4F86-B901-17ECA0EE341B}.Release|Any CPU.Build.0 = Release|Any CPU
		{FF0E1FCC-B565-4BE4-B1FE-4B7B9EEDF87C}.Debug|Any CPU.ActiveCfg = Debug|Any CPU
		{FF0E1FCC-B565-4BE4-B1FE-4B7B9EEDF87C}.Debug|Any CPU.Build.0 = Debug|Any CPU
		{FF0E1FCC-B565-4BE4-B1FE-4B7B9EEDF87C}.Release|Any CPU.ActiveCfg = Release|Any CPU
		{FF0E1FCC-B565-4BE4-B1FE-4B7B9EEDF87C}.Release|Any CPU.Build.0 = Release|Any CPU
		{3E055362-4CBB-498D-AA88-A2160509765A}.Debug|Any CPU.ActiveCfg = Debug|Any CPU
		{3E055362-4CBB-498D-AA88-A2160509765A}.Debug|Any CPU.Build.0 = Debug|Any CPU
		{3E055362-4CBB-498D-AA88-A2160509765A}.Release|Any CPU.ActiveCfg = Release|Any CPU
		{3E055362-4CBB-498D-AA88-A2160509765A}.Release|Any CPU.Build.0 = Release|Any CPU
		{19DC1AF4-E998-4F53-9018-73E266DCA12A}.Debug|Any CPU.ActiveCfg = Debug|Any CPU
		{19DC1AF4-E998-4F53-9018-73E266DCA12A}.Debug|Any CPU.Build.0 = Debug|Any CPU
		{19DC1AF4-E998-4F53-9018-73E266DCA12A}.Release|Any CPU.ActiveCfg = Release|Any CPU
		{19DC1AF4-E998-4F53-9018-73E266DCA12A}.Release|Any CPU.Build.0 = Release|Any CPU
		{3CBD882E-2F88-48FF-93F7-B8ABE79C6C31}.Debug|Any CPU.ActiveCfg = Debug|Any CPU
		{3CBD882E-2F88-48FF-93F7-B8ABE79C6C31}.Debug|Any CPU.Build.0 = Debug|Any CPU
		{3CBD882E-2F88-48FF-93F7-B8ABE79C6C31}.Release|Any CPU.ActiveCfg = Release|Any CPU
		{3CBD882E-2F88-48FF-93F7-B8ABE79C6C31}.Release|Any CPU.Build.0 = Release|Any CPU
	EndGlobalSection
	GlobalSection(SolutionProperties) = preSolution
		HideSolutionNode = FALSE
	EndGlobalSection
	GlobalSection(NestedProjects) = preSolution
		{17F0DD1E-8239-420E-847F-9587A5E37949} = {9A2070E3-7067-43DA-A7FA-F9E727A64AB4}
		{E6E1EC0D-C9B8-49B7-88C9-485477D26077} = {17F0DD1E-8239-420E-847F-9587A5E37949}
		{3691EBEC-889C-454E-B7C2-AF95B29CDF99} = {E6E1EC0D-C9B8-49B7-88C9-485477D26077}
		{F18EB3D9-A56E-45F8-A191-2515BE4A7CE1} = {9A2070E3-7067-43DA-A7FA-F9E727A64AB4}
		{7BEA89BB-83C3-41CC-BB1E-3AF75714CDF9} = {F18EB3D9-A56E-45F8-A191-2515BE4A7CE1}
		{82F27226-8EAA-4DB6-BB4D-1145CA711DF0} = {F18EB3D9-A56E-45F8-A191-2515BE4A7CE1}
		{E4BCBB0A-AF10-4E0C-ABE6-2110E5F3664F} = {9A2070E3-7067-43DA-A7FA-F9E727A64AB4}
		{7D9189F1-2463-4DA5-BCEC-FE1D5A680347} = {E4BCBB0A-AF10-4E0C-ABE6-2110E5F3664F}
		{C9709986-5176-4393-A0DB-24990A3CC440} = {7BEA89BB-83C3-41CC-BB1E-3AF75714CDF9}
		{D1692D29-8855-4626-B791-8C0D7F8A56DE} = {9A2070E3-7067-43DA-A7FA-F9E727A64AB4}
		{C4834BCF-D150-4636-84AF-25EB3B36A713} = {D1692D29-8855-4626-B791-8C0D7F8A56DE}
		{8F366602-AA4D-4D55-81DD-4DE31C6444D3} = {7BEA89BB-83C3-41CC-BB1E-3AF75714CDF9}
		{3984C81B-5180-4CA8-B5C6-64F5E92DB96C} = {7BEA89BB-83C3-41CC-BB1E-3AF75714CDF9}
		{4778D722-824C-4B0A-B5B0-EB079E508232} = {9A2070E3-7067-43DA-A7FA-F9E727A64AB4}
		{5A144F00-8EE0-40F8-9CB8-4911A7D74899} = {4778D722-824C-4B0A-B5B0-EB079E508232}
		{62577E79-02B2-4E0C-8875-7E2638843F89} = {4778D722-824C-4B0A-B5B0-EB079E508232}
		{5B2FCCC9-4FE5-47E4-9B98-5A5843A8AE9B} = {5A144F00-8EE0-40F8-9CB8-4911A7D74899}
		{48C5647D-F9F8-4005-A3C1-53F92518FBFF} = {62577E79-02B2-4E0C-8875-7E2638843F89}
		{D2A085F7-FF12-4B98-AD57-307713BBF6CB} = {C9709986-5176-4393-A0DB-24990A3CC440}
		{A7A9A39F-1261-4621-9F79-9B7A7D54392A} = {3984C81B-5180-4CA8-B5C6-64F5E92DB96C}
		{44B629A1-8FA3-403B-828D-0ECC8D5B30BE} = {8F366602-AA4D-4D55-81DD-4DE31C6444D3}
		{78C94805-5D65-41C9-9690-67A57BBA0498} = {82F27226-8EAA-4DB6-BB4D-1145CA711DF0}
		{FB88C1E6-10ED-4CE6-89F3-402A8D5A2E98} = {F18EB3D9-A56E-45F8-A191-2515BE4A7CE1}
		{EC8AA49A-5E05-474B-B8E3-908582ED3716} = {FB88C1E6-10ED-4CE6-89F3-402A8D5A2E98}
		{E62F405F-71F7-44C3-89D2-F70CFDD6C90B} = {9A2070E3-7067-43DA-A7FA-F9E727A64AB4}
		{5A86B965-43CD-49A0-B03E-C759DC1BA131} = {E62F405F-71F7-44C3-89D2-F70CFDD6C90B}
		{053EC3DD-C78C-45D9-90E6-735ECE864064} = {5A86B965-43CD-49A0-B03E-C759DC1BA131}
		{D44B6B93-76A2-42A3-8567-D05723C77F92} = {E4BCBB0A-AF10-4E0C-ABE6-2110E5F3664F}
		{ADD1A2DA-99BF-4539-90C7-B2948C6B1A30} = {E4BCBB0A-AF10-4E0C-ABE6-2110E5F3664F}
		{354B2D0D-0B36-4BBF-B0AB-4D5AC8351F0C} = {9A2070E3-7067-43DA-A7FA-F9E727A64AB4}
		{9CEE9821-2BF5-4681-BB7C-202DE2310DC7} = {354B2D0D-0B36-4BBF-B0AB-4D5AC8351F0C}
		{D5246F87-BC62-4978-A5FD-2B163393C2AA} = {9A2070E3-7067-43DA-A7FA-F9E727A64AB4}
		{BB02F31A-011E-4F86-B901-17ECA0EE341B} = {D5246F87-BC62-4978-A5FD-2B163393C2AA}
		{1C13F2FA-AA48-4865-80A9-BE42504C5E09} = {4778D722-824C-4B0A-B5B0-EB079E508232}
		{FF0E1FCC-B565-4BE4-B1FE-4B7B9EEDF87C} = {1C13F2FA-AA48-4865-80A9-BE42504C5E09}
		{3E055362-4CBB-498D-AA88-A2160509765A} = {1C13F2FA-AA48-4865-80A9-BE42504C5E09}
		{A4622E57-FD0E-4777-937F-C816DC2B9C23} = {17F0DD1E-8239-420E-847F-9587A5E37949}
		{19DC1AF4-E998-4F53-9018-73E266DCA12A} = {1C13F2FA-AA48-4865-80A9-BE42504C5E09}
		{3CBD882E-2F88-48FF-93F7-B8ABE79C6C31} = {E4BCBB0A-AF10-4E0C-ABE6-2110E5F3664F}
	EndGlobalSection
	GlobalSection(ExtensibilityGlobals) = postSolution
		SolutionGuid = {88CC02C4-0EAE-47E2-950B-5548551BE20A}
	EndGlobalSection
EndGlobal
